{
  "name": "bibliograph-client",
  "version": "2.3.0",
  "lockfileVersion": 1,
  "requires": true,
  "dependencies": {
    "event-source-polyfill": {
      "version": "0.0.12",
      "resolved": "https://registry.npmjs.org/event-source-polyfill/-/event-source-polyfill-0.0.12.tgz",
      "integrity": "sha1-5TnNZ/3vJ2ChaqUmL6mBNN9S468="
    }
  }
}
